
Microsoft Visual Studio Solution File, Format Version 12.00
# Visual Studio Version 17
VisualStudioVersion = 17.11.35327.3
MinimumVisualStudioVersion = 10.0.40219.1
Project("{FAE04EC0-301F-11D3-BF4B-00C04F79EFBC}") = "ShrineOfFusion", "ShrineOfFusion\ShrineOfFusion.csproj", "{77BF328E-D33F-4B45-A1E3-4C0A5AF1F337}"
EndProject
Global
	GlobalSection(SolutionConfigurationPlatforms) = preSolution
		Debug|Any CPU = Debug|Any CPU
		Release|Any CPU = Release|Any CPU
	EndGlobalSection
	GlobalSection(ProjectConfigurationPlatforms) = postSolution
		{77BF328E-D33F-4B45-A1E3-4C0A5AF1F337}.Debug|Any CPU.ActiveCfg = Debug|Any CPU
		{77BF328E-D33F-4B45-A1E3-4C0A5AF1F337}.Debug|Any CPU.Build.0 = Debug|Any CPU
		{77BF328E-D33F-4B45-A1E3-4C0A5AF1F337}.Release|Any CPU.ActiveCfg = Release|Any CPU
		{77BF328E-D33F-4B45-A1E3-4C0A5AF1F337}.Release|Any CPU.Build.0 = Release|Any CPU
	EndGlobalSection
	GlobalSection(SolutionProperties) = preSolution
		HideSolutionNode = FALSE
	EndGlobalSection
	GlobalSection(ExtensibilityGlobals) = postSolution
		SolutionGuid = {9032034A-2B45-41C8-B24F-4C64BB004050}
	EndGlobalSection
EndGlobal
